// !$*UTF8*$!
{
	archiveVersion = 1;
	classes = {
	};
	objectVersion = 56;
	objects = {

/* Begin PBXGroup section */
		B586C4B12C0AF16700075684 = {
			isa = PBXGroup;
			children = (
			);
			sourceTree = "<group>";
		};
/* End PBXGroup section */

/* Begin PBXProject section */
		B586C4B22C0AF16700075684 /* Project object */ = {
			isa = PBXProject;
			attributes = {
				BuildIndependentTargetsInParallel = 1;
				LastUpgradeCheck = 1520;
			};
			buildConfigurationList = B586C4B52C0AF16700075684 /* Build configuration list for PBXProject "MonkeeLearning" */;
			compatibilityVersion = "Xcode 14.0";
			developmentRegion = en;
			hasScannedForEncodings = 0;
			knownRegions = (
				en,
				Base,
			);
			mainGroup = B586C4B12C0AF16700075684;
			projectDirPath = "";
			projectRoot = "";
			targets = (
			);
		};
/* End PBXProject section */

/* Begin XCBuildConfiguration section */
		B586C4B62C0AF16700075684 /* Debug */ = {
			isa = XCBuildConfiguration;
			buildSettings = {
			};
			name = Debug;
		};
		B586C4B72C0AF16700075684 /* Release */ = {
			isa = XCBuildConfiguration;
			buildSettings = {
			};
			name = Release;
		};
/* End XCBuildConfiguration section */

/* Begin XCConfigurationList section */
		B586C4B52C0AF16700075684 /* Build configuration list for PBXProject "MonkeeLearning" */ = {
			isa = XCConfigurationList;
			buildConfigurations = (
				B586C4B62C0AF16700075684 /* Debug */,
				B586C4B72C0AF16700075684 /* Release */,
			);
			defaultConfigurationIsVisible = 0;
			defaultConfigurationName = Release;
		};
/* End XCConfigurationList section */
	};
	rootObject = B586C4B22C0AF16700075684 /* Project object */;
}
